
Microsoft Visual Studio Solution File, Format Version 12.00
# Visual Studio Version 17
VisualStudioVersion = 17.3.32804.467
MinimumVisualStudioVersion = 10.0.40219.1
Project("{FAE04EC0-301F-11D3-BF4B-00C04F79EFBC}") = "Builder", "Builder\Builder.csproj", "{EDFB2876-7823-4B3F-BEBD-D974B25ABD7B}"
EndProject
Project("{FAE04EC0-301F-11D3-BF4B-00C04F79EFBC}") = "Abstract Factory", "Abstract Factory\Abstract Factory.csproj", "{6FBA4C1C-7800-4C38-A1A2-DC93276721FA}"
EndProject
Global
	GlobalSection(SolutionConfigurationPlatforms) = preSolution
		Debug|Any CPU = Debug|Any CPU
		Release|Any CPU = Release|Any CPU
	EndGlobalSection
	GlobalSection(ProjectConfigurationPlatforms) = postSolution
		{EDFB2876-7823-4B3F-BEBD-D974B25ABD7B}.Debug|Any CPU.ActiveCfg = Debug|Any CPU
		{EDFB2876-7823-4B3F-BEBD-D974B25ABD7B}.Debug|Any CPU.Build.0 = Debug|Any CPU
		{EDFB2876-7823-4B3F-BEBD-D974B25ABD7B}.Release|Any CPU.ActiveCfg = Release|Any CPU
		{EDFB2876-7823-4B3F-BEBD-D974B25ABD7B}.Release|Any CPU.Build.0 = Release|Any CPU
		{6FBA4C1C-7800-4C38-A1A2-DC93276721FA}.Debug|Any CPU.ActiveCfg = Debug|Any CPU
		{6FBA4C1C-7800-4C38-A1A2-DC93276721FA}.Debug|Any CPU.Build.0 = Debug|Any CPU
		{6FBA4C1C-7800-4C38-A1A2-DC93276721FA}.Release|Any CPU.ActiveCfg = Release|Any CPU
		{6FBA4C1C-7800-4C38-A1A2-DC93276721FA}.Release|Any CPU.Build.0 = Release|Any CPU
	EndGlobalSection
	GlobalSection(SolutionProperties) = preSolution
		HideSolutionNode = FALSE
	EndGlobalSection
	GlobalSection(ExtensibilityGlobals) = postSolution
		SolutionGuid = {54D88B4F-6D5F-4956-8C4A-BE1D580A5A23}
	EndGlobalSection
EndGlobal
